PODS:
  - Alamofire (5.0.5)
  - Magpie/Alamofire (2.4.0):
    - Alamofire (~> 5.0.0-rc.3)
  - Magpie/Core (2.4.0):
    - Magpie/Core/API (= 2.4.0)
    - Magpie/Core/Endpoint (= 2.4.0)
    - Magpie/Core/NetworkMonitoring (= 2.4.0)
    - Magpie/Core/Request (= 2.4.0)
    - Magpie/Core/Response (= 2.4.0)
    - Magpie/Core/Utils (= 2.4.0)
  - Magpie/Core/API (2.4.0)
  - Magpie/Core/Endpoint (2.4.0)
  - Magpie/Core/NetworkMonitoring (2.4.0)
  - Magpie/Core/Request (2.4.0)
  - Magpie/Core/Response (2.4.0)
  - Magpie/Core/Utils (2.4.0):
    - Magpie/Core/Utils/Extensions (= 2.4.0)
    - Magpie/Core/Utils/Logging (= 2.4.0)
    - Magpie/Core/Utils/Objects (= 2.4.0)
    - Magpie/Core/Utils/Serializing (= 2.4.0)
  - Magpie/Core/Utils/Extensions (2.4.0)
  - Magpie/Core/Utils/Logging (2.4.0)
  - Magpie/Core/Utils/Objects (2.4.0)
  - Magpie/Core/Utils/Serializing (2.4.0)
  - Magpie/HIPAuthorization (2.4.0):
    - Valet (~> 3.2)
  - Magpie/HIPExceptions (2.4.0)
  - Magpie/HIPModels (2.4.0):
    - Magpie/HIPExceptions
  - Valet (3.2.8)

DEPENDENCIES:
  - Magpie/Alamofire (from `../`)
  - Magpie/Core (from `../`)
  - Magpie/HIPAuthorization (from `../`)
  - Magpie/HIPModels (from `../`)

SPEC REPOS:
  trunk:
    - Alamofire
    - Valet

EXTERNAL SOURCES:
  Magpie:
    :path: "../"

SPEC CHECKSUMS:
  Alamofire: df2f8f826963b08b9a870791ad48e07a10090b2e
  Magpie: 634d04731b5221ece19f289da0905c4dc607b6c2
  Valet: 16d0537d70db79d9ba953b9060b5da4fb8004e51

PODFILE CHECKSUM: 2479b3b9548d2510750c5852f97291302261db52

COCOAPODS: 1.9.3
