PODS:
  - Alamofire (5.4.1)
  - Magpie/Alamofire (3.1.2):
    - Alamofire (~> 5.2)
    - Magpie/Core
  - Magpie/Core (3.1.2):
    - Magpie/HIPUtils
  - Magpie/HIPCore (3.1.2):
    - Magpie/Alamofire
    - Magpie/HIPExceptions
    - Valet (~> 4.1)
  - Magpie/HIPExceptions (3.1.2):
    - Magpie/HIPUtils
  - Magpie/HIPUtils (3.1.2)
  - Valet (4.1.1)

DEPENDENCIES:
  - Magpie/HIPCore (from `../`)

SPEC REPOS:
  trunk:
    - Alamofire
    - Valet

EXTERNAL SOURCES:
  Magpie:
    :path: "../"

SPEC CHECKSUMS:
  Alamofire: 2291f7d21ca607c491dd17642e5d40fdcda0e65c
  Magpie: 20efdb94f26099589d7306bd8880e8f064783491
  Valet: 11ab0e318b7284888a81392e36136563b4af5deb

PODFILE CHECKSUM: e8772fb943f68482cc389c432738338f3e8b029c

COCOAPODS: 1.10.1
