{
  "object": {
    "pins": [
      {
        "package": "Alamofire",
        "repositoryURL": "https://github.com/Alamofire/Alamofire.git",
        "state": {
          "branch": null,
          "revision": "d120af1e8638c7da36c8481fd61a66c0c08dc4fc",
          "version": "5.4.4"
        }
      },
      {
        "package": "MacaroonUtils",
        "repositoryURL": "https://github.com/Hipo/macaroon-utils.git",
        "state": {
          "branch": null,
          "revision": "63052dedd3e762633c6f035d6e079f18cc6cb999",
          "version": "2.0.5"
        }
      },
      {
        "package": "Valet",
        "repositoryURL": "https://github.com/Square/Valet.git",
        "state": {
          "branch": null,
          "revision": "2bf3329055f5d71d42a12801dd69d1d770fafa5e",
          "version": "4.1.2"
        }
      }
    ]
  },
  "version": 1
}
