{
  "object": {
    "pins": [
      {
        "package": "Alamofire",
        "repositoryURL": "https://github.com/Alamofire/Alamofire.git",
        "state": {
          "branch": null,
          "revision": "8dd85aee02e39dd280c75eef88ffdb86eed4b07b",
          "version": "5.6.2"
        }
      },
      {
        "package": "MacaroonUtils",
        "repositoryURL": "https://github.com/Hipo/macaroon-utils.git",
        "state": {
          "branch": null,
          "revision": "cbef863218c2ee4535fdfe02a20fff8428dec89b",
          "version": "4.0.0"
        }
      },
      {
        "package": "Valet",
        "repositoryURL": "https://github.com/Square/Valet.git",
        "state": {
          "branch": null,
          "revision": "26689601804b0cc86ed212a6b137232c22210d28",
          "version": "4.1.3"
        }
      }
    ]
  },
  "version": 1
}
